preprocess:
  cmd: python pipeline/preprocess.py
  deps:
  - path: dataset/data.csv
    md5: 8010ce58a6c2bd6e97f8b8b20831f9c8
    size: 19757046
  - path: pipeline/preprocess.py
    md5: dcc8c7bd0321cac7b69be62002d3fa10
    size: 459
  outs:
  - path: dataset/data_test.csv
    md5: 70307ce3736cc324d5731fbd898d5c73
    size: 4933214
  - path: dataset/data_train.csv
    md5: e9fcc1d7c50bdce117e1f889d488e865
    size: 14799804
train:
  cmd: python pipeline/train.py
  deps:
  - path: dataset/data_train.csv
    md5: e9fcc1d7c50bdce117e1f889d488e865
    size: 14799804
  - path: pipeline/train.py
    md5: 3f3ebab2d12ce77af037263a542ac6ca
    size: 266
val:
  cmd: python pipeline/val.py
  deps:
  - path: dataset/data_test.csv
    md5: 70307ce3736cc324d5731fbd898d5c73
    size: 4933214
  - path: pipeline/val.py
    md5: fbab6474bfe8c87f4ffced8f07e966c3
    size: 726
  outs:
  - path: model/confusion_matrix.png
    md5: c5c5b58dc9907ce68602c11cdf3b3c46
    size: 33546
  - path: model/metrics.json
    md5: 3364f137495352b3001d02c92f3ecdbb
    size: 53
